
Microsoft Visual Studio Solution File, Format Version 12.00
# Visual Studio Version 17
VisualStudioVersion = 17.7.34031.279
MinimumVisualStudioVersion = 10.0.40219.1
Project("{9A19103F-16F7-4668-BE54-9A1E7A4F7556}") = "Survey.API", "src\Survey.API\Survey.API.csproj", "{985B3653-A629-4530-964A-07B4977A20F8}"
EndProject
Project("{2150E333-8FDC-42A3-9474-1A3956D46DE8}") = "src", "src", "{CBDDB611-9D47-431C-AB1D-084550BB45E2}"
EndProject
Project("{9A19103F-16F7-4668-BE54-9A1E7A4F7556}") = "Survey.Domain", "src\Survey.Domain\Survey.Domain.csproj", "{3B8BCF14-BC64-4104-97F6-4E36127D3EA7}"
EndProject
Project("{9A19103F-16F7-4668-BE54-9A1E7A4F7556}") = "Survey.Application", "src\Survey.Application\Survey.Application.csproj", "{BA970165-9A43-458B-BEA1-E226B1F85B6C}"
EndProject
Project("{9A19103F-16F7-4668-BE54-9A1E7A4F7556}") = "Survey.Infrastructure", "src\Survey.Infrastructure\Survey.Infrastructure.csproj", "{D4EFDBEF-2F47-4287-B419-3BE1D4B2C921}"
EndProject
Project("{9A19103F-16F7-4668-BE54-9A1E7A4F7556}") = "Survey.Migration.App", "src\Survey.Migration.App\Survey.Migration.App.csproj", "{6C78012D-FBF8-449E-9CC6-5BDD50F0567A}"
EndProject
Project("{9A19103F-16F7-4668-BE54-9A1E7A4F7556}") = "Survey.Shared", "src\Survey.Shared\Survey.Shared.csproj", "{D0518D89-9C91-49F6-845A-4D6CEF1F4127}"
EndProject
Project("{2150E333-8FDC-42A3-9474-1A3956D46DE8}") = "shared", "shared", "{9A9FF0D2-23DB-4A32-B1E3-9FB637ED6C16}"
EndProject
Project("{FAE04EC0-301F-11D3-BF4B-00C04F79EFBC}") = "Survey.Worker", "src\Survey.Worker\Survey.Worker.csproj", "{31CFDF40-9619-4AAC-88F4-FDEE7ECD6B35}"
EndProject
Project("{2150E333-8FDC-42A3-9474-1A3956D46DE8}") = "app", "app", "{2D1F50DC-2FB3-4AB5-939A-60BFFC853598}"
EndProject
Project("{FAE04EC0-301F-11D3-BF4B-00C04F79EFBC}") = "Survey.Run.App", "src\Survey.Run.App\Survey.Run.App.csproj", "{4922A91B-A1DF-4D12-8C40-207E93984E92}"
EndProject
Project("{E53339B2-1760-4266-BCC7-CA923CBCF16C}") = "docker-compose", "docker-compose.dcproj", "{1B94C536-4A18-40BB-8183-9AD739498962}"
EndProject
Global
	GlobalSection(SolutionConfigurationPlatforms) = preSolution
		Debug|Any CPU = Debug|Any CPU
		Release|Any CPU = Release|Any CPU
	EndGlobalSection
	GlobalSection(ProjectConfigurationPlatforms) = postSolution
		{985B3653-A629-4530-964A-07B4977A20F8}.Debug|Any CPU.ActiveCfg = Debug|Any CPU
		{985B3653-A629-4530-964A-07B4977A20F8}.Debug|Any CPU.Build.0 = Debug|Any CPU
		{985B3653-A629-4530-964A-07B4977A20F8}.Release|Any CPU.ActiveCfg = Release|Any CPU
		{985B3653-A629-4530-964A-07B4977A20F8}.Release|Any CPU.Build.0 = Release|Any CPU
		{3B8BCF14-BC64-4104-97F6-4E36127D3EA7}.Debug|Any CPU.ActiveCfg = Debug|Any CPU
		{3B8BCF14-BC64-4104-97F6-4E36127D3EA7}.Debug|Any CPU.Build.0 = Debug|Any CPU
		{3B8BCF14-BC64-4104-97F6-4E36127D3EA7}.Release|Any CPU.ActiveCfg = Release|Any CPU
		{3B8BCF14-BC64-4104-97F6-4E36127D3EA7}.Release|Any CPU.Build.0 = Release|Any CPU
		{BA970165-9A43-458B-BEA1-E226B1F85B6C}.Debug|Any CPU.ActiveCfg = Debug|Any CPU
		{BA970165-9A43-458B-BEA1-E226B1F85B6C}.Debug|Any CPU.Build.0 = Debug|Any CPU
		{BA970165-9A43-458B-BEA1-E226B1F85B6C}.Release|Any CPU.ActiveCfg = Release|Any CPU
		{BA970165-9A43-458B-BEA1-E226B1F85B6C}.Release|Any CPU.Build.0 = Release|Any CPU
		{D4EFDBEF-2F47-4287-B419-3BE1D4B2C921}.Debug|Any CPU.ActiveCfg = Debug|Any CPU
		{D4EFDBEF-2F47-4287-B419-3BE1D4B2C921}.Debug|Any CPU.Build.0 = Debug|Any CPU
		{D4EFDBEF-2F47-4287-B419-3BE1D4B2C921}.Release|Any CPU.ActiveCfg = Release|Any CPU
		{D4EFDBEF-2F47-4287-B419-3BE1D4B2C921}.Release|Any CPU.Build.0 = Release|Any CPU
		{6C78012D-FBF8-449E-9CC6-5BDD50F0567A}.Debug|Any CPU.ActiveCfg = Debug|Any CPU
		{6C78012D-FBF8-449E-9CC6-5BDD50F0567A}.Debug|Any CPU.Build.0 = Debug|Any CPU
		{6C78012D-FBF8-449E-9CC6-5BDD50F0567A}.Release|Any CPU.ActiveCfg = Release|Any CPU
		{6C78012D-FBF8-449E-9CC6-5BDD50F0567A}.Release|Any CPU.Build.0 = Release|Any CPU
		{D0518D89-9C91-49F6-845A-4D6CEF1F4127}.Debug|Any CPU.ActiveCfg = Debug|Any CPU
		{D0518D89-9C91-49F6-845A-4D6CEF1F4127}.Debug|Any CPU.Build.0 = Debug|Any CPU
		{D0518D89-9C91-49F6-845A-4D6CEF1F4127}.Release|Any CPU.ActiveCfg = Release|Any CPU
		{D0518D89-9C91-49F6-845A-4D6CEF1F4127}.Release|Any CPU.Build.0 = Release|Any CPU
		{31CFDF40-9619-4AAC-88F4-FDEE7ECD6B35}.Debug|Any CPU.ActiveCfg = Debug|Any CPU
		{31CFDF40-9619-4AAC-88F4-FDEE7ECD6B35}.Debug|Any CPU.Build.0 = Debug|Any CPU
		{31CFDF40-9619-4AAC-88F4-FDEE7ECD6B35}.Release|Any CPU.ActiveCfg = Release|Any CPU
		{31CFDF40-9619-4AAC-88F4-FDEE7ECD6B35}.Release|Any CPU.Build.0 = Release|Any CPU
		{4922A91B-A1DF-4D12-8C40-207E93984E92}.Debug|Any CPU.ActiveCfg = Debug|Any CPU
		{4922A91B-A1DF-4D12-8C40-207E93984E92}.Debug|Any CPU.Build.0 = Debug|Any CPU
		{4922A91B-A1DF-4D12-8C40-207E93984E92}.Release|Any CPU.ActiveCfg = Release|Any CPU
		{4922A91B-A1DF-4D12-8C40-207E93984E92}.Release|Any CPU.Build.0 = Release|Any CPU
		{1B94C536-4A18-40BB-8183-9AD739498962}.Debug|Any CPU.ActiveCfg = Debug|Any CPU
		{1B94C536-4A18-40BB-8183-9AD739498962}.Debug|Any CPU.Build.0 = Debug|Any CPU
		{1B94C536-4A18-40BB-8183-9AD739498962}.Release|Any CPU.ActiveCfg = Release|Any CPU
		{1B94C536-4A18-40BB-8183-9AD739498962}.Release|Any CPU.Build.0 = Release|Any CPU
	EndGlobalSection
	GlobalSection(SolutionProperties) = preSolution
		HideSolutionNode = FALSE
	EndGlobalSection
	GlobalSection(NestedProjects) = preSolution
		{985B3653-A629-4530-964A-07B4977A20F8} = {CBDDB611-9D47-431C-AB1D-084550BB45E2}
		{3B8BCF14-BC64-4104-97F6-4E36127D3EA7} = {9A9FF0D2-23DB-4A32-B1E3-9FB637ED6C16}
		{BA970165-9A43-458B-BEA1-E226B1F85B6C} = {9A9FF0D2-23DB-4A32-B1E3-9FB637ED6C16}
		{D4EFDBEF-2F47-4287-B419-3BE1D4B2C921} = {9A9FF0D2-23DB-4A32-B1E3-9FB637ED6C16}
		{6C78012D-FBF8-449E-9CC6-5BDD50F0567A} = {2D1F50DC-2FB3-4AB5-939A-60BFFC853598}
		{D0518D89-9C91-49F6-845A-4D6CEF1F4127} = {9A9FF0D2-23DB-4A32-B1E3-9FB637ED6C16}
		{9A9FF0D2-23DB-4A32-B1E3-9FB637ED6C16} = {CBDDB611-9D47-431C-AB1D-084550BB45E2}
		{31CFDF40-9619-4AAC-88F4-FDEE7ECD6B35} = {CBDDB611-9D47-431C-AB1D-084550BB45E2}
		{2D1F50DC-2FB3-4AB5-939A-60BFFC853598} = {CBDDB611-9D47-431C-AB1D-084550BB45E2}
		{4922A91B-A1DF-4D12-8C40-207E93984E92} = {2D1F50DC-2FB3-4AB5-939A-60BFFC853598}
	EndGlobalSection
	GlobalSection(ExtensibilityGlobals) = postSolution
		SolutionGuid = {46CE3C14-7E77-4296-A328-9A6EF67E2AA4}
	EndGlobalSection
EndGlobal
